// !$*UTF8*$!
{
	archiveVersion = 1;
	classes = {
	};
	objectVersion = 56;
	objects = {

/* Begin PBXBuildFile section */
		CE21071B29F9572400648357 /* Constants.swift in Sources */ = {isa = PBXBuildFile; fileRef = CE21071A29F9572400648357 /* Constants.swift */; };
		CEDD37CB29DD9231000DE1FF /* AppDelegate.swift in Sources */ = {isa = PBXBuildFile; fileRef = CEDD37CA29DD9231000DE1FF /* AppDelegate.swift */; };
		CEDD37CD29DD9231000DE1FF /* SceneDelegate.swift in Sources */ = {isa = PBXBuildFile; fileRef = CEDD37CC29DD9231000DE1FF /* SceneDelegate.swift */; };
		CEDD37CF29DD9231000DE1FF /* ViewController.swift in Sources */ = {isa = PBXBuildFile; fileRef = CEDD37CE29DD9231000DE1FF /* ViewController.swift */; };
		CEDD37D229DD9231000DE1FF /* Main.storyboard in Resources */ = {isa = PBXBuildFile; fileRef = CEDD37D029DD9231000DE1FF /* Main.storyboard */; };
		CEDD37D529DD9231000DE1FF /* TodoUp.xcdatamodeld in Sources */ = {isa = PBXBuildFile; fileRef = CEDD37D329DD9231000DE1FF /* TodoUp.xcdatamodeld */; };
		CEDD37D729DD9233000DE1FF /* Assets.xcassets in Resources */ = {isa = PBXBuildFile; fileRef = CEDD37D629DD9233000DE1FF /* Assets.xcassets */; };
		CEDD37DA29DD9233000DE1FF /* LaunchScreen.storyboard in Resources */ = {isa = PBXBuildFile; fileRef = CEDD37D829DD9233000DE1FF /* LaunchScreen.storyboard */; };
		CEDD37EB29E12ABA000DE1FF /* MyColor.swift in Sources */ = {isa = PBXBuildFile; fileRef = CEDD37EA29E12ABA000DE1FF /* MyColor.swift */; };
		CEDD37ED29E12F48000DE1FF /* ToDoItemCell.swift in Sources */ = {isa = PBXBuildFile; fileRef = CEDD37EC29E12F48000DE1FF /* ToDoItemCell.swift */; };
		CEDD37EF29E23F99000DE1FF /* CoreDataManager.swift in Sources */ = {isa = PBXBuildFile; fileRef = CEDD37EE29E23F99000DE1FF /* CoreDataManager.swift */; };
		CEDD37F129E25078000DE1FF /* DetailViewController.swift in Sources */ = {isa = PBXBuildFile; fileRef = CEDD37F029E25078000DE1FF /* DetailViewController.swift */; };
		CEDD37F829E42D67000DE1FF /* Item+CoreDataClass.swift in Sources */ = {isa = PBXBuildFile; fileRef = CEDD37F629E42D67000DE1FF /* Item+CoreDataClass.swift */; };
		CEDD37F929E42D67000DE1FF /* Item+CoreDataProperties.swift in Sources */ = {isa = PBXBuildFile; fileRef = CEDD37F729E42D67000DE1FF /* Item+CoreDataProperties.swift */; };
/* End PBXBuildFile section */

/* Begin PBXFileReference section */
		CE21071A29F9572400648357 /* Constants.swift */ = {isa = PBXFileReference; lastKnownFileType = sourcecode.swift; path = Constants.swift; sourceTree = "<group>"; };
		CEDD37C729DD9231000DE1FF /* TodoUp.app */ = {isa = PBXFileReference; explicitFileType = wrapper.application; includeInIndex = 0; path = TodoUp.app; sourceTree = BUILT_PRODUCTS_DIR; };
		CEDD37CA29DD9231000DE1FF /* AppDelegate.swift */ = {isa = PBXFileReference; lastKnownFileType = sourcecode.swift; path = AppDelegate.swift; sourceTree = "<group>"; };
		CEDD37CC29DD9231000DE1FF /* SceneDelegate.swift */ = {isa = PBXFileReference; lastKnownFileType = sourcecode.swift; path = SceneDelegate.swift; sourceTree = "<group>"; };
		CEDD37CE29DD9231000DE1FF /* ViewController.swift */ = {isa = PBXFileReference; lastKnownFileType = sourcecode.swift; path = ViewController.swift; sourceTree = "<group>"; };
		CEDD37D129DD9231000DE1FF /* Base */ = {isa = PBXFileReference; lastKnownFileType = file.storyboard; name = Base; path = Base.lproj/Main.storyboard; sourceTree = "<group>"; };
		CEDD37D429DD9231000DE1FF /* TodoUp.xcdatamodel */ = {isa = PBXFileReference; lastKnownFileType = wrapper.xcdatamodel; path = TodoUp.xcdatamodel; sourceTree = "<group>"; };
		CEDD37D629DD9233000DE1FF /* Assets.xcassets */ = {isa = PBXFileReference; lastKnownFileType = folder.assetcatalog; path = Assets.xcassets; sourceTree = "<group>"; };
		CEDD37D929DD9233000DE1FF /* Base */ = {isa = PBXFileReference; lastKnownFileType = file.storyboard; name = Base; path = Base.lproj/LaunchScreen.storyboard; sourceTree = "<group>"; };
		CEDD37DB29DD9233000DE1FF /* Info.plist */ = {isa = PBXFileReference; lastKnownFileType = text.plist.xml; path = Info.plist; sourceTree = "<group>"; };
		CEDD37EA29E12ABA000DE1FF /* MyColor.swift */ = {isa = PBXFileReference; lastKnownFileType = sourcecode.swift; path = MyColor.swift; sourceTree = "<group>"; };
		CEDD37EC29E12F48000DE1FF /* ToDoItemCell.swift */ = {isa = PBXFileReference; lastKnownFileType = sourcecode.swift; path = ToDoItemCell.swift; sourceTree = "<group>"; };
		CEDD37EE29E23F99000DE1FF /* CoreDataManager.swift */ = {isa = PBXFileReference; lastKnownFileType = sourcecode.swift; path = CoreDataManager.swift; sourceTree = "<group>"; };
		CEDD37F029E25078000DE1FF /* DetailViewController.swift */ = {isa = PBXFileReference; lastKnownFileType = sourcecode.swift; path = DetailViewController.swift; sourceTree = "<group>"; };
		CEDD37F629E42D67000DE1FF /* Item+CoreDataClass.swift */ = {isa = PBXFileReference; lastKnownFileType = sourcecode.swift; path = "Item+CoreDataClass.swift"; sourceTree = "<group>"; };
		CEDD37F729E42D67000DE1FF /* Item+CoreDataProperties.swift */ = {isa = PBXFileReference; lastKnownFileType = sourcecode.swift; path = "Item+CoreDataProperties.swift"; sourceTree = "<group>"; };
/* End PBXFileReference section */

/* Begin PBXFrameworksBuildPhase section */
		CEDD37C429DD9231000DE1FF /* Frameworks */ = {
			isa = PBXFrameworksBuildPhase;
			buildActionMask = 2147483647;
			files = (
			);
			runOnlyForDeploymentPostprocessing = 0;
		};
/* End PBXFrameworksBuildPhase section */

/* Begin PBXGroup section */
		CEDD37BE29DD9231000DE1FF = {
			isa = PBXGroup;
			children = (
				CEDD37C929DD9231000DE1FF /* TodoUp */,
				CEDD37C829DD9231000DE1FF /* Products */,
			);
			sourceTree = "<group>";
		};
		CEDD37C829DD9231000DE1FF /* Products */ = {
			isa = PBXGroup;
			children = (
				CEDD37C729DD9231000DE1FF /* TodoUp.app */,
			);
			name = Products;
			sourceTree = "<group>";
		};
		CEDD37C929DD9231000DE1FF /* TodoUp */ = {
			isa = PBXGroup;
			children = (
				CEDD37CA29DD9231000DE1FF /* AppDelegate.swift */,
				CEDD37CC29DD9231000DE1FF /* SceneDelegate.swift */,
				CEDD37E529E12A43000DE1FF /* Utils */,
				CEDD37E829E12A60000DE1FF /* Models */,
				CEDD37E729E12A50000DE1FF /* Views */,
				CEDD37E929E12A65000DE1FF /* Controllers */,
				CEDD37D629DD9233000DE1FF /* Assets.xcassets */,
				CEDD37D829DD9233000DE1FF /* LaunchScreen.storyboard */,
				CEDD37DB29DD9233000DE1FF /* Info.plist */,
				CEDD37D329DD9231000DE1FF /* TodoUp.xcdatamodeld */,
			);
			path = TodoUp;
			sourceTree = "<group>";
		};
		CEDD37E529E12A43000DE1FF /* Utils */ = {
			isa = PBXGroup;
			children = (
				CEDD37EA29E12ABA000DE1FF /* MyColor.swift */,
				CE21071A29F9572400648357 /* Constants.swift */,
			);
			path = Utils;
			sourceTree = "<group>";
		};
		CEDD37E729E12A50000DE1FF /* Views */ = {
			isa = PBXGroup;
			children = (
				CEDD37D029DD9231000DE1FF /* Main.storyboard */,
				CEDD37EC29E12F48000DE1FF /* ToDoItemCell.swift */,
			);
			path = Views;
			sourceTree = "<group>";
		};
		CEDD37E829E12A60000DE1FF /* Models */ = {
			isa = PBXGroup;
			children = (
				CEDD37F629E42D67000DE1FF /* Item+CoreDataClass.swift */,
				CEDD37F729E42D67000DE1FF /* Item+CoreDataProperties.swift */,
				CEDD37EE29E23F99000DE1FF /* CoreDataManager.swift */,
			);
			path = Models;
			sourceTree = "<group>";
		};
		CEDD37E929E12A65000DE1FF /* Controllers */ = {
			isa = PBXGroup;
			children = (
				CEDD37CE29DD9231000DE1FF /* ViewController.swift */,
				CEDD37F029E25078000DE1FF /* DetailViewController.swift */,
			);
			path = Controllers;
			sourceTree = "<group>";
		};
/* End PBXGroup section */

/* Begin PBXNativeTarget section */
		CEDD37C629DD9231000DE1FF /* TodoUp */ = {
			isa = PBXNativeTarget;
			buildConfigurationList = CEDD37DE29DD9233000DE1FF /* Build configuration list for PBXNativeTarget "TodoUp" */;
			buildPhases = (
				CEDD37C329DD9231000DE1FF /* Sources */,
				CEDD37C429DD9231000DE1FF /* Frameworks */,
				CEDD37C529DD9231000DE1FF /* Resources */,
			);
			buildRules = (
			);
			dependencies = (
			);
			name = TodoUp;
			productName = TodoUp;
			productReference = CEDD37C729DD9231000DE1FF /* TodoUp.app */;
			productType = "com.apple.product-type.application";
		};
/* End PBXNativeTarget section */

/* Begin PBXProject section */
		CEDD37BF29DD9231000DE1FF /* Project object */ = {
			isa = PBXProject;
			attributes = {
				BuildIndependentTargetsInParallel = 1;
				LastSwiftUpdateCheck = 1400;
				LastUpgradeCheck = 1400;
				TargetAttributes = {
					CEDD37C629DD9231000DE1FF = {
						CreatedOnToolsVersion = 14.0.1;
					};
				};
			};
			buildConfigurationList = CEDD37C229DD9231000DE1FF /* Build configuration list for PBXProject "TodoUp" */;
			compatibilityVersion = "Xcode 14.0";
			developmentRegion = en;
			hasScannedForEncodings = 0;
			knownRegions = (
				en,
				Base,
			);
			mainGroup = CEDD37BE29DD9231000DE1FF;
			productRefGroup = CEDD37C829DD9231000DE1FF /* Products */;
			projectDirPath = "";
			projectRoot = "";
			targets = (
				CEDD37C629DD9231000DE1FF /* TodoUp */,
			);
		};
/* End PBXProject section */

/* Begin PBXResourcesBuildPhase section */
		CEDD37C529DD9231000DE1FF /* Resources */ = {
			isa = PBXResourcesBuildPhase;
			buildActionMask = 2147483647;
			files = (
				CEDD37DA29DD9233000DE1FF /* LaunchScreen.storyboard in Resources */,
				CEDD37D729DD9233000DE1FF /* Assets.xcassets in Resources */,
				CEDD37D229DD9231000DE1FF /* Main.storyboard in Resources */,
			);
			runOnlyForDeploymentPostprocessing = 0;
		};
/* End PBXResourcesBuildPhase section */

/* Begin PBXSourcesBuildPhase section */
		CEDD37C329DD9231000DE1FF /* Sources */ = {
			isa = PBXSourcesBuildPhase;
			buildActionMask = 2147483647;
			files = (
				CEDD37ED29E12F48000DE1FF /* ToDoItemCell.swift in Sources */,
				CE21071B29F9572400648357 /* Constants.swift in Sources */,
				CEDD37CF29DD9231000DE1FF /* ViewController.swift in Sources */,
				CEDD37EB29E12ABA000DE1FF /* MyColor.swift in Sources */,
				CEDD37F829E42D67000DE1FF /* Item+CoreDataClass.swift in Sources */,
				CEDD37F929E42D67000DE1FF /* Item+CoreDataProperties.swift in Sources */,
				CEDD37CB29DD9231000DE1FF /* AppDelegate.swift in Sources */,
				CEDD37EF29E23F99000DE1FF /* CoreDataManager.swift in Sources */,
				CEDD37F129E25078000DE1FF /* DetailViewController.swift in Sources */,
				CEDD37D529DD9231000DE1FF /* TodoUp.xcdatamodeld in Sources */,
				CEDD37CD29DD9231000DE1FF /* SceneDelegate.swift in Sources */,
			);
			runOnlyForDeploymentPostprocessing = 0;
		};
/* End PBXSourcesBuildPhase section */

/* Begin PBXVariantGroup section */
		CEDD37D029DD9231000DE1FF /* Main.storyboard */ = {
			isa = PBXVariantGroup;
			children = (
				CEDD37D129DD9231000DE1FF /* Base */,
			);
			name = Main.storyboard;
			sourceTree = "<group>";
		};
		CEDD37D829DD9233000DE1FF /* LaunchScreen.storyboard */ = {
			isa = PBXVariantGroup;
			children = (
				CEDD37D929DD9233000DE1FF /* Base */,
			);
			name = LaunchScreen.storyboard;
			sourceTree = "<group>";
		};
/* End PBXVariantGroup section */

/* Begin XCBuildConfiguration section */
		CEDD37DC29DD9233000DE1FF /* Debug */ = {
			isa = XCBuildConfiguration;
			buildSettings = {
				ALWAYS_SEARCH_USER_PATHS = NO;
				CLANG_ANALYZER_NONNULL = YES;
				CLANG_ANALYZER_NUMBER_OBJECT_CONVERSION = YES_AGGRESSIVE;
				CLANG_CXX_LANGUAGE_STANDARD = "gnu++20";
				CLANG_ENABLE_MODULES = YES;
				CLANG_ENABLE_OBJC_ARC = YES;
				CLANG_ENABLE_OBJC_WEAK = YES;
				CLANG_WARN_BLOCK_CAPTURE_AUTORELEASING = YES;
				CLANG_WARN_BOOL_CONVERSION = YES;
				CLANG_WARN_COMMA = YES;
				CLANG_WARN_CONSTANT_CONVERSION = YES;
				CLANG_WARN_DEPRECATED_OBJC_IMPLEMENTATIONS = YES;
				CLANG_WARN_DIRECT_OBJC_ISA_USAGE = YES_ERROR;
				CLANG_WARN_DOCUMENTATION_COMMENTS = YES;
				CLANG_WARN_EMPTY_BODY = YES;
				CLANG_WARN_ENUM_CONVERSION = YES;
				CLANG_WARN_INFINITE_RECURSION = YES;
				CLANG_WARN_INT_CONVERSION = YES;
				CLANG_WARN_NON_LITERAL_NULL_CONVERSION = YES;
				CLANG_WARN_OBJC_IMPLICIT_RETAIN_SELF = YES;
				CLANG_WARN_OBJC_LITERAL_CONVERSION = YES;
				CLANG_WARN_OBJC_ROOT_CLASS = YES_ERROR;
				CLANG_WARN_QUOTED_INCLUDE_IN_FRAMEWORK_HEADER = YES;
				CLANG_WARN_RANGE_LOOP_ANALYSIS = YES;
				CLANG_WARN_STRICT_PROTOTYPES = YES;
				CLANG_WARN_SUSPICIOUS_MOVE = YES;
				CLANG_WARN_UNGUARDED_AVAILABILITY = YES_AGGRESSIVE;
				CLANG_WARN_UNREACHABLE_CODE = YES;
				CLANG_WARN__DUPLICATE_METHOD_MATCH = YES;
				COPY_PHASE_STRIP = NO;
				DEBUG_INFORMATION_FORMAT = dwarf;
				ENABLE_STRICT_OBJC_MSGSEND = YES;
				ENABLE_TESTABILITY = YES;
				GCC_C_LANGUAGE_STANDARD = gnu11;
				GCC_DYNAMIC_NO_PIC = NO;
				GCC_NO_COMMON_BLOCKS = YES;
				GCC_OPTIMIZATION_LEVEL = 0;
				GCC_PREPROCESSOR_DEFINITIONS = (
					"DEBUG=1",
					"$(inherited)",
				);
				GCC_WARN_64_TO_32_BIT_CONVERSION = YES;
				GCC_WARN_ABOUT_RETURN_TYPE = YES_ERROR;
				GCC_WARN_UNDECLARED_SELECTOR = YES;
				GCC_WARN_UNINITIALIZED_AUTOS = YES_AGGRESSIVE;
				GCC_WARN_UNUSED_FUNCTION = YES;
				GCC_WARN_UNUSED_VARIABLE = YES;
				IPHONEOS_DEPLOYMENT_TARGET = 16.0;
				MTL_ENABLE_DEBUG_INFO = INCLUDE_SOURCE;
				MTL_FAST_MATH = YES;
				ONLY_ACTIVE_ARCH = YES;
				SDKROOT = iphoneos;
				SWIFT_ACTIVE_COMPILATION_CONDITIONS = DEBUG;
				SWIFT_OPTIMIZATION_LEVEL = "-Onone";
			};
			name = Debug;
		};
		CEDD37DD29DD9233000DE1FF /* Release */ = {
			isa = XCBuildConfiguration;
			buildSettings = {
				ALWAYS_SEARCH_USER_PATHS = NO;
				CLANG_ANALYZER_NONNULL = YES;
				CLANG_ANALYZER_NUMBER_OBJECT_CONVERSION = YES_AGGRESSIVE;
				CLANG_CXX_LANGUAGE_STANDARD = "gnu++20";
				CLANG_ENABLE_MODULES = YES;
				CLANG_ENABLE_OBJC_ARC = YES;
				CLANG_ENABLE_OBJC_WEAK = YES;
				CLANG_WARN_BLOCK_CAPTURE_AUTORELEASING = YES;
				CLANG_WARN_BOOL_CONVERSION = YES;
				CLANG_WARN_COMMA = YES;
				CLANG_WARN_CONSTANT_CONVERSION = YES;
				CLANG_WARN_DEPRECATED_OBJC_IMPLEMENTATIONS = YES;
				CLANG_WARN_DIRECT_OBJC_ISA_USAGE = YES_ERROR;
				CLANG_WARN_DOCUMENTATION_COMMENTS = YES;
				CLANG_WARN_EMPTY_BODY = YES;
				CLANG_WARN_ENUM_CONVERSION = YES;
				CLANG_WARN_INFINITE_RECURSION = YES;
				CLANG_WARN_INT_CONVERSION = YES;
				CLANG_WARN_NON_LITERAL_NULL_CONVERSION = YES;
				CLANG_WARN_OBJC_IMPLICIT_RETAIN_SELF = YES;
				CLANG_WARN_OBJC_LITERAL_CONVERSION = YES;
				CLANG_WARN_OBJC_ROOT_CLASS = YES_ERROR;
				CLANG_WARN_QUOTED_INCLUDE_IN_FRAMEWORK_HEADER = YES;
				CLANG_WARN_RANGE_LOOP_ANALYSIS = YES;
				CLANG_WARN_STRICT_PROTOTYPES = YES;
				CLANG_WARN_SUSPICIOUS_MOVE = YES;
				CLANG_WARN_UNGUARDED_AVAILABILITY = YES_AGGRESSIVE;
				CLANG_WARN_UNREACHABLE_CODE = YES;
				CLANG_WARN__DUPLICATE_METHOD_MATCH = YES;
				COPY_PHASE_STRIP = NO;
				DEBUG_INFORMATION_FORMAT = "dwarf-with-dsym";
				ENABLE_NS_ASSERTIONS = NO;
				ENABLE_STRICT_OBJC_MSGSEND = YES;
				GCC_C_LANGUAGE_STANDARD = gnu11;
				GCC_NO_COMMON_BLOCKS = YES;
				GCC_WARN_64_TO_32_BIT_CONVERSION = YES;
				GCC_WARN_ABOUT_RETURN_TYPE = YES_ERROR;
				GCC_WARN_UNDECLARED_SELECTOR = YES;
				GCC_WARN_UNINITIALIZED_AUTOS = YES_AGGRESSIVE;
				GCC_WARN_UNUSED_FUNCTION = YES;
				GCC_WARN_UNUSED_VARIABLE = YES;
				IPHONEOS_DEPLOYMENT_TARGET = 16.0;
				MTL_ENABLE_DEBUG_INFO = NO;
				MTL_FAST_MATH = YES;
				SDKROOT = iphoneos;
				SWIFT_COMPILATION_MODE = wholemodule;
				SWIFT_OPTIMIZATION_LEVEL = "-O";
				VALIDATE_PRODUCT = YES;
			};
			name = Release;
		};
		CEDD37DF29DD9233000DE1FF /* Debug */ = {
			isa = XCBuildConfiguration;
			buildSettings = {
				ASSETCATALOG_COMPILER_APPICON_NAME = AppIcon;
				ASSETCATALOG_COMPILER_GLOBAL_ACCENT_COLOR_NAME = AccentColor;
				CODE_SIGN_STYLE = Automatic;
				CURRENT_PROJECT_VERSION = 1;
				DEVELOPMENT_TEAM = Q5FBR7XQW2;
				GENERATE_INFOPLIST_FILE = YES;
				INFOPLIST_FILE = TodoUp/Info.plist;
				INFOPLIST_KEY_UIApplicationSupportsIndirectInputEvents = YES;
				INFOPLIST_KEY_UILaunchStoryboardName = LaunchScreen.storyboard;
				INFOPLIST_KEY_UIMainStoryboardFile = Main;
				INFOPLIST_KEY_UISupportedInterfaceOrientations = "UIInterfaceOrientationLandscapeLeft UIInterfaceOrientationLandscapeRight UIInterfaceOrientationPortrait";
				INFOPLIST_KEY_UISupportedInterfaceOrientations_iPad = "UIInterfaceOrientationLandscapeLeft UIInterfaceOrientationLandscapeRight UIInterfaceOrientationPortrait UIInterfaceOrientationPortraitUpsideDown";
				IPHONEOS_DEPLOYMENT_TARGET = 15.0;
				LD_RUNPATH_SEARCH_PATHS = (
					"$(inherited)",
					"@executable_path/Frameworks",
				);
				MARKETING_VERSION = 1.0;
				PRODUCT_BUNDLE_IDENTIFIER = com.hy.TodoUp;
				PRODUCT_NAME = "$(TARGET_NAME)";
				SUPPORTED_PLATFORMS = "iphoneos iphonesimulator";
				SUPPORTS_MACCATALYST = NO;
				SUPPORTS_MAC_DESIGNED_FOR_IPHONE_IPAD = NO;
				SWIFT_EMIT_LOC_STRINGS = YES;
				SWIFT_VERSION = 5.0;
				TARGETED_DEVICE_FAMILY = 1;
			};
			name = Debug;
		};
		CEDD37E029DD9233000DE1FF /* Release */ = {
			isa = XCBuildConfiguration;
			buildSettings = {
				ASSETCATALOG_COMPILER_APPICON_NAME = AppIcon;
				ASSETCATALOG_COMPILER_GLOBAL_ACCENT_COLOR_NAME = AccentColor;
				CODE_SIGN_STYLE = Automatic;
				CURRENT_PROJECT_VERSION = 1;
				DEVELOPMENT_TEAM = Q5FBR7XQW2;
				GENERATE_INFOPLIST_FILE = YES;
				INFOPLIST_FILE = TodoUp/Info.plist;
				INFOPLIST_KEY_UIApplicationSupportsIndirectInputEvents = YES;
				INFOPLIST_KEY_UILaunchStoryboardName = LaunchScreen.storyboard;
				INFOPLIST_KEY_UIMainStoryboardFile = Main;
				INFOPLIST_KEY_UISupportedInterfaceOrientations = "UIInterfaceOrientationLandscapeLeft UIInterfaceOrientationLandscapeRight UIInterfaceOrientationPortrait";
				INFOPLIST_KEY_UISupportedInterfaceOrientations_iPad = "UIInterfaceOrientationLandscapeLeft UIInterfaceOrientationLandscapeRight UIInterfaceOrientationPortrait UIInterfaceOrientationPortraitUpsideDown";
				IPHONEOS_DEPLOYMENT_TARGET = 15.0;
				LD_RUNPATH_SEARCH_PATHS = (
					"$(inherited)",
					"@executable_path/Frameworks",
				);
				MARKETING_VERSION = 1.0;
				PRODUCT_BUNDLE_IDENTIFIER = com.hy.TodoUp;
				PRODUCT_NAME = "$(TARGET_NAME)";
				SUPPORTED_PLATFORMS = "iphoneos iphonesimulator";
				SUPPORTS_MACCATALYST = NO;
				SUPPORTS_MAC_DESIGNED_FOR_IPHONE_IPAD = NO;
				SWIFT_EMIT_LOC_STRINGS = YES;
				SWIFT_VERSION = 5.0;
				TARGETED_DEVICE_FAMILY = 1;
			};
			name = Release;
		};
/* End XCBuildConfiguration section */

/* Begin XCConfigurationList section */
		CEDD37C229DD9231000DE1FF /* Build configuration list for PBXProject "TodoUp" */ = {
			isa = XCConfigurationList;
			buildConfigurations = (
				CEDD37DC29DD9233000DE1FF /* Debug */,
				CEDD37DD29DD9233000DE1FF /* Release */,
			);
			defaultConfigurationIsVisible = 0;
			defaultConfigurationName = Release;
		};
		CEDD37DE29DD9233000DE1FF /* Build configuration list for PBXNativeTarget "TodoUp" */ = {
			isa = XCConfigurationList;
			buildConfigurations = (
				CEDD37DF29DD9233000DE1FF /* Debug */,
				CEDD37E029DD9233000DE1FF /* Release */,
			);
			defaultConfigurationIsVisible = 0;
			defaultConfigurationName = Release;
		};
/* End XCConfigurationList section */

/* Begin XCVersionGroup section */
		CEDD37D329DD9231000DE1FF /* TodoUp.xcdatamodeld */ = {
			isa = XCVersionGroup;
			children = (
				CEDD37D429DD9231000DE1FF /* TodoUp.xcdatamodel */,
			);
			currentVersion = CEDD37D429DD9231000DE1FF /* TodoUp.xcdatamodel */;
			path = TodoUp.xcdatamodeld;
			sourceTree = "<group>";
			versionGroupType = wrapper.xcdatamodel;
		};
/* End XCVersionGroup section */
	};
	rootObject = CEDD37BF29DD9231000DE1FF /* Project object */;
}
